
Microsoft Visual Studio Solution File, Format Version 12.00
# Visual Studio Version 17
VisualStudioVersion = 17.6.33829.357
MinimumVisualStudioVersion = 10.0.40219.1
Project("{FAE04EC0-301F-11D3-BF4B-00C04F79EFBC}") = "UATP.RapidPay.API", "UATP.RapidPay.API\UATP.RapidPay.API.csproj", "{2FF3C37C-8A4D-4CEE-9099-302C3D371BCA}"
EndProject
Project("{00D1A9C2-B5F0-4AF3-8072-F6C62B433612}") = "UATP.RapidPay.SQL", "UATP.RapidPay.SQL\UATP.RapidPay.SQL.sqlproj", "{B1E2C1FB-367A-4D34-90B3-869A9363034B}"
EndProject
Project("{FAE04EC0-301F-11D3-BF4B-00C04F79EFBC}") = "UATP.RapidPay.DAL", "UATP.RapidPay.DAL\UATP.RapidPay.DAL.csproj", "{19B952ED-E853-47E0-B44F-56E68959AC0D}"
EndProject
Project("{FAE04EC0-301F-11D3-BF4B-00C04F79EFBC}") = "UATP.RapidPay.Core", "UATP.RapidPay.Core\UATP.RapidPay.Core.csproj", "{A81215D0-CD23-40DC-8224-25EBE1A33C73}"
EndProject
Project("{FAE04EC0-301F-11D3-BF4B-00C04F79EFBC}") = "UATP.RapidPay.Shared", "UATP.RapidPay.Shared\UATP.RapidPay.Shared.csproj", "{331AD7BC-4653-4875-81DD-2B3ABE5F9DDC}"
EndProject
Project("{FAE04EC0-301F-11D3-BF4B-00C04F79EFBC}") = "UATP.RapidPay.Interfaces", "UATP.RapidPay.Interfaces\UATP.RapidPay.Interfaces.csproj", "{C423E9F1-8CC5-4952-973B-A2DA7C257810}"
EndProject
Global
	GlobalSection(SolutionConfigurationPlatforms) = preSolution
		Debug|Any CPU = Debug|Any CPU
		Release|Any CPU = Release|Any CPU
	EndGlobalSection
	GlobalSection(ProjectConfigurationPlatforms) = postSolution
		{2FF3C37C-8A4D-4CEE-9099-302C3D371BCA}.Debug|Any CPU.ActiveCfg = Debug|Any CPU
		{2FF3C37C-8A4D-4CEE-9099-302C3D371BCA}.Debug|Any CPU.Build.0 = Debug|Any CPU
		{2FF3C37C-8A4D-4CEE-9099-302C3D371BCA}.Release|Any CPU.ActiveCfg = Release|Any CPU
		{2FF3C37C-8A4D-4CEE-9099-302C3D371BCA}.Release|Any CPU.Build.0 = Release|Any CPU
		{B1E2C1FB-367A-4D34-90B3-869A9363034B}.Debug|Any CPU.ActiveCfg = Debug|Any CPU
		{B1E2C1FB-367A-4D34-90B3-869A9363034B}.Debug|Any CPU.Build.0 = Debug|Any CPU
		{B1E2C1FB-367A-4D34-90B3-869A9363034B}.Debug|Any CPU.Deploy.0 = Debug|Any CPU
		{B1E2C1FB-367A-4D34-90B3-869A9363034B}.Release|Any CPU.ActiveCfg = Release|Any CPU
		{B1E2C1FB-367A-4D34-90B3-869A9363034B}.Release|Any CPU.Build.0 = Release|Any CPU
		{B1E2C1FB-367A-4D34-90B3-869A9363034B}.Release|Any CPU.Deploy.0 = Release|Any CPU
		{19B952ED-E853-47E0-B44F-56E68959AC0D}.Debug|Any CPU.ActiveCfg = Debug|Any CPU
		{19B952ED-E853-47E0-B44F-56E68959AC0D}.Debug|Any CPU.Build.0 = Debug|Any CPU
		{19B952ED-E853-47E0-B44F-56E68959AC0D}.Release|Any CPU.ActiveCfg = Release|Any CPU
		{19B952ED-E853-47E0-B44F-56E68959AC0D}.Release|Any CPU.Build.0 = Release|Any CPU
		{A81215D0-CD23-40DC-8224-25EBE1A33C73}.Debug|Any CPU.ActiveCfg = Debug|Any CPU
		{A81215D0-CD23-40DC-8224-25EBE1A33C73}.Debug|Any CPU.Build.0 = Debug|Any CPU
		{A81215D0-CD23-40DC-8224-25EBE1A33C73}.Release|Any CPU.ActiveCfg = Release|Any CPU
		{A81215D0-CD23-40DC-8224-25EBE1A33C73}.Release|Any CPU.Build.0 = Release|Any CPU
		{331AD7BC-4653-4875-81DD-2B3ABE5F9DDC}.Debug|Any CPU.ActiveCfg = Debug|Any CPU
		{331AD7BC-4653-4875-81DD-2B3ABE5F9DDC}.Debug|Any CPU.Build.0 = Debug|Any CPU
		{331AD7BC-4653-4875-81DD-2B3ABE5F9DDC}.Release|Any CPU.ActiveCfg = Release|Any CPU
		{331AD7BC-4653-4875-81DD-2B3ABE5F9DDC}.Release|Any CPU.Build.0 = Release|Any CPU
		{C423E9F1-8CC5-4952-973B-A2DA7C257810}.Debug|Any CPU.ActiveCfg = Debug|Any CPU
		{C423E9F1-8CC5-4952-973B-A2DA7C257810}.Debug|Any CPU.Build.0 = Debug|Any CPU
		{C423E9F1-8CC5-4952-973B-A2DA7C257810}.Release|Any CPU.ActiveCfg = Release|Any CPU
		{C423E9F1-8CC5-4952-973B-A2DA7C257810}.Release|Any CPU.Build.0 = Release|Any CPU
	EndGlobalSection
	GlobalSection(SolutionProperties) = preSolution
		HideSolutionNode = FALSE
	EndGlobalSection
	GlobalSection(ExtensibilityGlobals) = postSolution
		SolutionGuid = {68CA94EE-AF28-44F5-80CB-555ACC0D1F60}
	EndGlobalSection
EndGlobal
